{
  "requires": true,
  "lockfileVersion": 1,
  "dependencies": {
    "create-next-app": {
      "version": "15.1.7",
      "resolved": "https://registry.npmjs.org/create-next-app/-/create-next-app-15.1.7.tgz",
      "integrity": "sha512-FrzDVbn4gv/pM6b8xUxLWzECve7JgqxJhJIMEzeV9ig79Of6JGjkGDtLNYCrapTJ7IuZt441LkxMck3MF5DzCQ=="
    }
  }
}
